// !$*UTF8*$!
{
	archiveVersion = 1;
	classes = {
	};
	objectVersion = 56;
	objects = {

/* Begin PBXBuildFile section */
		EBD6FD6D29E8E43C007715B2 /* AppDelegate.swift in Sources */ = {isa = PBXBuildFile; fileRef = EBD6FD6C29E8E43C007715B2 /* AppDelegate.swift */; };
		EBD6FD6F29E8E43C007715B2 /* SceneDelegate.swift in Sources */ = {isa = PBXBuildFile; fileRef = EBD6FD6E29E8E43C007715B2 /* SceneDelegate.swift */; };
		EBD6FD7129E8E43C007715B2 /* ViewController.swift in Sources */ = {isa = PBXBuildFile; fileRef = EBD6FD7029E8E43C007715B2 /* ViewController.swift */; };
		EBD6FD7429E8E43C007715B2 /* Main.storyboard in Resources */ = {isa = PBXBuildFile; fileRef = EBD6FD7229E8E43C007715B2 /* Main.storyboard */; };
		EBD6FD7629E8E43E007715B2 /* Assets.xcassets in Resources */ = {isa = PBXBuildFile; fileRef = EBD6FD7529E8E43E007715B2 /* Assets.xcassets */; };
		EBD6FD7929E8E43E007715B2 /* LaunchScreen.storyboard in Resources */ = {isa = PBXBuildFile; fileRef = EBD6FD7729E8E43E007715B2 /* LaunchScreen.storyboard */; };
		EBD6FD8229E8E45D007715B2 /* Theme in Frameworks */ = {isa = PBXBuildFile; productRef = EBD6FD8129E8E45D007715B2 /* Theme */; };
		EBD6FD8529E8E479007715B2 /* Commons in Frameworks */ = {isa = PBXBuildFile; productRef = EBD6FD8429E8E479007715B2 /* Commons */; };
/* End PBXBuildFile section */

/* Begin PBXFileReference section */
		EBD6FD6929E8E43C007715B2 /* HomeStoryboard.app */ = {isa = PBXFileReference; explicitFileType = wrapper.application; includeInIndex = 0; path = HomeStoryboard.app; sourceTree = BUILT_PRODUCTS_DIR; };
		EBD6FD6C29E8E43C007715B2 /* AppDelegate.swift */ = {isa = PBXFileReference; lastKnownFileType = sourcecode.swift; path = AppDelegate.swift; sourceTree = "<group>"; };
		EBD6FD6E29E8E43C007715B2 /* SceneDelegate.swift */ = {isa = PBXFileReference; lastKnownFileType = sourcecode.swift; path = SceneDelegate.swift; sourceTree = "<group>"; };
		EBD6FD7029E8E43C007715B2 /* ViewController.swift */ = {isa = PBXFileReference; lastKnownFileType = sourcecode.swift; path = ViewController.swift; sourceTree = "<group>"; };
		EBD6FD7329E8E43C007715B2 /* Base */ = {isa = PBXFileReference; lastKnownFileType = file.storyboard; name = Base; path = Base.lproj/Main.storyboard; sourceTree = "<group>"; };
		EBD6FD7529E8E43E007715B2 /* Assets.xcassets */ = {isa = PBXFileReference; lastKnownFileType = folder.assetcatalog; path = Assets.xcassets; sourceTree = "<group>"; };
		EBD6FD7829E8E43E007715B2 /* Base */ = {isa = PBXFileReference; lastKnownFileType = file.storyboard; name = Base; path = Base.lproj/LaunchScreen.storyboard; sourceTree = "<group>"; };
		EBD6FD7A29E8E43E007715B2 /* Info.plist */ = {isa = PBXFileReference; lastKnownFileType = text.plist.xml; path = Info.plist; sourceTree = "<group>"; };
/* End PBXFileReference section */

/* Begin PBXFrameworksBuildPhase section */
		EBD6FD6629E8E43C007715B2 /* Frameworks */ = {
			isa = PBXFrameworksBuildPhase;
			buildActionMask = 2147483647;
			files = (
				EBD6FD8229E8E45D007715B2 /* Theme in Frameworks */,
				EBD6FD8529E8E479007715B2 /* Commons in Frameworks */,
			);
			runOnlyForDeploymentPostprocessing = 0;
		};
/* End PBXFrameworksBuildPhase section */

/* Begin PBXGroup section */
		EBD6FD6029E8E43C007715B2 = {
			isa = PBXGroup;
			children = (
				EBD6FD6B29E8E43C007715B2 /* HomeStoryboard */,
				EBD6FD6A29E8E43C007715B2 /* Products */,
			);
			sourceTree = "<group>";
		};
		EBD6FD6A29E8E43C007715B2 /* Products */ = {
			isa = PBXGroup;
			children = (
				EBD6FD6929E8E43C007715B2 /* HomeStoryboard.app */,
			);
			name = Products;
			sourceTree = "<group>";
		};
		EBD6FD6B29E8E43C007715B2 /* HomeStoryboard */ = {
			isa = PBXGroup;
			children = (
				EBD6FD6C29E8E43C007715B2 /* AppDelegate.swift */,
				EBD6FD6E29E8E43C007715B2 /* SceneDelegate.swift */,
				EBD6FD7029E8E43C007715B2 /* ViewController.swift */,
				EBD6FD7229E8E43C007715B2 /* Main.storyboard */,
				EBD6FD7529E8E43E007715B2 /* Assets.xcassets */,
				EBD6FD7729E8E43E007715B2 /* LaunchScreen.storyboard */,
				EBD6FD7A29E8E43E007715B2 /* Info.plist */,
			);
			path = HomeStoryboard;
			sourceTree = "<group>";
		};
/* End PBXGroup section */

/* Begin PBXNativeTarget section */
		EBD6FD6829E8E43C007715B2 /* HomeStoryboard */ = {
			isa = PBXNativeTarget;
			buildConfigurationList = EBD6FD7D29E8E43E007715B2 /* Build configuration list for PBXNativeTarget "HomeStoryboard" */;
			buildPhases = (
				EBD6FD6529E8E43C007715B2 /* Sources */,
				EBD6FD6629E8E43C007715B2 /* Frameworks */,
				EBD6FD6729E8E43C007715B2 /* Resources */,
			);
			buildRules = (
			);
			dependencies = (
			);
			name = HomeStoryboard;
			packageProductDependencies = (
				EBD6FD8129E8E45D007715B2 /* Theme */,
				EBD6FD8429E8E479007715B2 /* Commons */,
			);
			productName = HomeStoryboard;
			productReference = EBD6FD6929E8E43C007715B2 /* HomeStoryboard.app */;
			productType = "com.apple.product-type.application";
		};
/* End PBXNativeTarget section */

/* Begin PBXProject section */
		EBD6FD6129E8E43C007715B2 /* Project object */ = {
			isa = PBXProject;
			attributes = {
				BuildIndependentTargetsInParallel = 1;
				LastSwiftUpdateCheck = 1420;
				LastUpgradeCheck = 1420;
				TargetAttributes = {
					EBD6FD6829E8E43C007715B2 = {
						CreatedOnToolsVersion = 14.2;
					};
				};
			};
			buildConfigurationList = EBD6FD6429E8E43C007715B2 /* Build configuration list for PBXProject "HomeStoryboard" */;
			compatibilityVersion = "Xcode 14.0";
			developmentRegion = en;
			hasScannedForEncodings = 0;
			knownRegions = (
				en,
				Base,
			);
			mainGroup = EBD6FD6029E8E43C007715B2;
			packageReferences = (
				EBD6FD8029E8E45D007715B2 /* XCRemoteSwiftPackageReference "Theme" */,
				EBD6FD8329E8E479007715B2 /* XCRemoteSwiftPackageReference "Commons" */,
			);
			productRefGroup = EBD6FD6A29E8E43C007715B2 /* Products */;
			projectDirPath = "";
			projectRoot = "";
			targets = (
				EBD6FD6829E8E43C007715B2 /* HomeStoryboard */,
			);
		};
/* End PBXProject section */

/* Begin PBXResourcesBuildPhase section */
		EBD6FD6729E8E43C007715B2 /* Resources */ = {
			isa = PBXResourcesBuildPhase;
			buildActionMask = 2147483647;
			files = (
				EBD6FD7929E8E43E007715B2 /* LaunchScreen.storyboard in Resources */,
				EBD6FD7629E8E43E007715B2 /* Assets.xcassets in Resources */,
				EBD6FD7429E8E43C007715B2 /* Main.storyboard in Resources */,
			);
			runOnlyForDeploymentPostprocessing = 0;
		};
/* End PBXResourcesBuildPhase section */

/* Begin PBXSourcesBuildPhase section */
		EBD6FD6529E8E43C007715B2 /* Sources */ = {
			isa = PBXSourcesBuildPhase;
			buildActionMask = 2147483647;
			files = (
				EBD6FD7129E8E43C007715B2 /* ViewController.swift in Sources */,
				EBD6FD6D29E8E43C007715B2 /* AppDelegate.swift in Sources */,
				EBD6FD6F29E8E43C007715B2 /* SceneDelegate.swift in Sources */,
			);
			runOnlyForDeploymentPostprocessing = 0;
		};
/* End PBXSourcesBuildPhase section */

/* Begin PBXVariantGroup section */
		EBD6FD7229E8E43C007715B2 /* Main.storyboard */ = {
			isa = PBXVariantGroup;
			children = (
				EBD6FD7329E8E43C007715B2 /* Base */,
			);
			name = Main.storyboard;
			sourceTree = "<group>";
		};
		EBD6FD7729E8E43E007715B2 /* LaunchScreen.storyboard */ = {
			isa = PBXVariantGroup;
			children = (
				EBD6FD7829E8E43E007715B2 /* Base */,
			);
			name = LaunchScreen.storyboard;
			sourceTree = "<group>";
		};
/* End PBXVariantGroup section */

/* Begin XCBuildConfiguration section */
		EBD6FD7B29E8E43E007715B2 /* Debug */ = {
			isa = XCBuildConfiguration;
			buildSettings = {
				ALWAYS_SEARCH_USER_PATHS = NO;
				CLANG_ANALYZER_NONNULL = YES;
				CLANG_ANALYZER_NUMBER_OBJECT_CONVERSION = YES_AGGRESSIVE;
				CLANG_CXX_LANGUAGE_STANDARD = "gnu++20";
				CLANG_ENABLE_MODULES = YES;
				CLANG_ENABLE_OBJC_ARC = YES;
				CLANG_ENABLE_OBJC_WEAK = YES;
				CLANG_WARN_BLOCK_CAPTURE_AUTORELEASING = YES;
				CLANG_WARN_BOOL_CONVERSION = YES;
				CLANG_WARN_COMMA = YES;
				CLANG_WARN_CONSTANT_CONVERSION = YES;
				CLANG_WARN_DEPRECATED_OBJC_IMPLEMENTATIONS = YES;
				CLANG_WARN_DIRECT_OBJC_ISA_USAGE = YES_ERROR;
				CLANG_WARN_DOCUMENTATION_COMMENTS = YES;
				CLANG_WARN_EMPTY_BODY = YES;
				CLANG_WARN_ENUM_CONVERSION = YES;
				CLANG_WARN_INFINITE_RECURSION = YES;
				CLANG_WARN_INT_CONVERSION = YES;
				CLANG_WARN_NON_LITERAL_NULL_CONVERSION = YES;
				CLANG_WARN_OBJC_IMPLICIT_RETAIN_SELF = YES;
				CLANG_WARN_OBJC_LITERAL_CONVERSION = YES;
				CLANG_WARN_OBJC_ROOT_CLASS = YES_ERROR;
				CLANG_WARN_QUOTED_INCLUDE_IN_FRAMEWORK_HEADER = YES;
				CLANG_WARN_RANGE_LOOP_ANALYSIS = YES;
				CLANG_WARN_STRICT_PROTOTYPES = YES;
				CLANG_WARN_SUSPICIOUS_MOVE = YES;
				CLANG_WARN_UNGUARDED_AVAILABILITY = YES_AGGRESSIVE;
				CLANG_WARN_UNREACHABLE_CODE = YES;
				CLANG_WARN__DUPLICATE_METHOD_MATCH = YES;
				COPY_PHASE_STRIP = NO;
				DEBUG_INFORMATION_FORMAT = dwarf;
				ENABLE_STRICT_OBJC_MSGSEND = YES;
				ENABLE_TESTABILITY = YES;
				GCC_C_LANGUAGE_STANDARD = gnu11;
				GCC_DYNAMIC_NO_PIC = NO;
				GCC_NO_COMMON_BLOCKS = YES;
				GCC_OPTIMIZATION_LEVEL = 0;
				GCC_PREPROCESSOR_DEFINITIONS = (
					"DEBUG=1",
					"$(inherited)",
				);
				GCC_WARN_64_TO_32_BIT_CONVERSION = YES;
				GCC_WARN_ABOUT_RETURN_TYPE = YES_ERROR;
				GCC_WARN_UNDECLARED_SELECTOR = YES;
				GCC_WARN_UNINITIALIZED_AUTOS = YES_AGGRESSIVE;
				GCC_WARN_UNUSED_FUNCTION = YES;
				GCC_WARN_UNUSED_VARIABLE = YES;
				IPHONEOS_DEPLOYMENT_TARGET = 16.2;
				MTL_ENABLE_DEBUG_INFO = INCLUDE_SOURCE;
				MTL_FAST_MATH = YES;
				ONLY_ACTIVE_ARCH = YES;
				SDKROOT = iphoneos;
				SWIFT_ACTIVE_COMPILATION_CONDITIONS = DEBUG;
				SWIFT_OPTIMIZATION_LEVEL = "-Onone";
			};
			name = Debug;
		};
		EBD6FD7C29E8E43E007715B2 /* Release */ = {
			isa = XCBuildConfiguration;
			buildSettings = {
				ALWAYS_SEARCH_USER_PATHS = NO;
				CLANG_ANALYZER_NONNULL = YES;
				CLANG_ANALYZER_NUMBER_OBJECT_CONVERSION = YES_AGGRESSIVE;
				CLANG_CXX_LANGUAGE_STANDARD = "gnu++20";
				CLANG_ENABLE_MODULES = YES;
				CLANG_ENABLE_OBJC_ARC = YES;
				CLANG_ENABLE_OBJC_WEAK = YES;
				CLANG_WARN_BLOCK_CAPTURE_AUTORELEASING = YES;
				CLANG_WARN_BOOL_CONVERSION = YES;
				CLANG_WARN_COMMA = YES;
				CLANG_WARN_CONSTANT_CONVERSION = YES;
				CLANG_WARN_DEPRECATED_OBJC_IMPLEMENTATIONS = YES;
				CLANG_WARN_DIRECT_OBJC_ISA_USAGE = YES_ERROR;
				CLANG_WARN_DOCUMENTATION_COMMENTS = YES;
				CLANG_WARN_EMPTY_BODY = YES;
				CLANG_WARN_ENUM_CONVERSION = YES;
				CLANG_WARN_INFINITE_RECURSION = YES;
				CLANG_WARN_INT_CONVERSION = YES;
				CLANG_WARN_NON_LITERAL_NULL_CONVERSION = YES;
				CLANG_WARN_OBJC_IMPLICIT_RETAIN_SELF = YES;
				CLANG_WARN_OBJC_LITERAL_CONVERSION = YES;
				CLANG_WARN_OBJC_ROOT_CLASS = YES_ERROR;
				CLANG_WARN_QUOTED_INCLUDE_IN_FRAMEWORK_HEADER = YES;
				CLANG_WARN_RANGE_LOOP_ANALYSIS = YES;
				CLANG_WARN_STRICT_PROTOTYPES = YES;
				CLANG_WARN_SUSPICIOUS_MOVE = YES;
				CLANG_WARN_UNGUARDED_AVAILABILITY = YES_AGGRESSIVE;
				CLANG_WARN_UNREACHABLE_CODE = YES;
				CLANG_WARN__DUPLICATE_METHOD_MATCH = YES;
				COPY_PHASE_STRIP = NO;
				DEBUG_INFORMATION_FORMAT = "dwarf-with-dsym";
				ENABLE_NS_ASSERTIONS = NO;
				ENABLE_STRICT_OBJC_MSGSEND = YES;
				GCC_C_LANGUAGE_STANDARD = gnu11;
				GCC_NO_COMMON_BLOCKS = YES;
				GCC_WARN_64_TO_32_BIT_CONVERSION = YES;
				GCC_WARN_ABOUT_RETURN_TYPE = YES_ERROR;
				GCC_WARN_UNDECLARED_SELECTOR = YES;
				GCC_WARN_UNINITIALIZED_AUTOS = YES_AGGRESSIVE;
				GCC_WARN_UNUSED_FUNCTION = YES;
				GCC_WARN_UNUSED_VARIABLE = YES;
				IPHONEOS_DEPLOYMENT_TARGET = 16.2;
				MTL_ENABLE_DEBUG_INFO = NO;
				MTL_FAST_MATH = YES;
				SDKROOT = iphoneos;
				SWIFT_COMPILATION_MODE = wholemodule;
				SWIFT_OPTIMIZATION_LEVEL = "-O";
				VALIDATE_PRODUCT = YES;
			};
			name = Release;
		};
		EBD6FD7E29E8E43E007715B2 /* Debug */ = {
			isa = XCBuildConfiguration;
			buildSettings = {
				ASSETCATALOG_COMPILER_APPICON_NAME = AppIcon;
				ASSETCATALOG_COMPILER_GLOBAL_ACCENT_COLOR_NAME = AccentColor;
				CODE_SIGN_STYLE = Automatic;
				CURRENT_PROJECT_VERSION = 1;
				DEVELOPMENT_TEAM = D35VU7MT3X;
				GENERATE_INFOPLIST_FILE = YES;
				INFOPLIST_FILE = HomeStoryboard/Info.plist;
				INFOPLIST_KEY_UIApplicationSupportsIndirectInputEvents = YES;
				INFOPLIST_KEY_UILaunchStoryboardName = LaunchScreen;
				INFOPLIST_KEY_UIMainStoryboardFile = Main;
				INFOPLIST_KEY_UISupportedInterfaceOrientations_iPad = "UIInterfaceOrientationPortrait UIInterfaceOrientationPortraitUpsideDown UIInterfaceOrientationLandscapeLeft UIInterfaceOrientationLandscapeRight";
				INFOPLIST_KEY_UISupportedInterfaceOrientations_iPhone = "UIInterfaceOrientationPortrait UIInterfaceOrientationLandscapeLeft UIInterfaceOrientationLandscapeRight";
				LD_RUNPATH_SEARCH_PATHS = (
					"$(inherited)",
					"@executable_path/Frameworks",
				);
				MARKETING_VERSION = 1.0;
				PRODUCT_BUNDLE_IDENTIFIER = com.globant.HomeStoryboard;
				PRODUCT_NAME = "$(TARGET_NAME)";
				SWIFT_EMIT_LOC_STRINGS = YES;
				SWIFT_VERSION = 5.0;
				TARGETED_DEVICE_FAMILY = "1,2";
			};
			name = Debug;
		};
		EBD6FD7F29E8E43E007715B2 /* Release */ = {
			isa = XCBuildConfiguration;
			buildSettings = {
				ASSETCATALOG_COMPILER_APPICON_NAME = AppIcon;
				ASSETCATALOG_COMPILER_GLOBAL_ACCENT_COLOR_NAME = AccentColor;
				CODE_SIGN_STYLE = Automatic;
				CURRENT_PROJECT_VERSION = 1;
				DEVELOPMENT_TEAM = D35VU7MT3X;
				GENERATE_INFOPLIST_FILE = YES;
				INFOPLIST_FILE = HomeStoryboard/Info.plist;
				INFOPLIST_KEY_UIApplicationSupportsIndirectInputEvents = YES;
				INFOPLIST_KEY_UILaunchStoryboardName = LaunchScreen;
				INFOPLIST_KEY_UIMainStoryboardFile = Main;
				INFOPLIST_KEY_UISupportedInterfaceOrientations_iPad = "UIInterfaceOrientationPortrait UIInterfaceOrientationPortraitUpsideDown UIInterfaceOrientationLandscapeLeft UIInterfaceOrientationLandscapeRight";
				INFOPLIST_KEY_UISupportedInterfaceOrientations_iPhone = "UIInterfaceOrientationPortrait UIInterfaceOrientationLandscapeLeft UIInterfaceOrientationLandscapeRight";
				LD_RUNPATH_SEARCH_PATHS = (
					"$(inherited)",
					"@executable_path/Frameworks",
				);
				MARKETING_VERSION = 1.0;
				PRODUCT_BUNDLE_IDENTIFIER = com.globant.HomeStoryboard;
				PRODUCT_NAME = "$(TARGET_NAME)";
				SWIFT_EMIT_LOC_STRINGS = YES;
				SWIFT_VERSION = 5.0;
				TARGETED_DEVICE_FAMILY = "1,2";
			};
			name = Release;
		};
/* End XCBuildConfiguration section */

/* Begin XCConfigurationList section */
		EBD6FD6429E8E43C007715B2 /* Build configuration list for PBXProject "HomeStoryboard" */ = {
			isa = XCConfigurationList;
			buildConfigurations = (
				EBD6FD7B29E8E43E007715B2 /* Debug */,
				EBD6FD7C29E8E43E007715B2 /* Release */,
			);
			defaultConfigurationIsVisible = 0;
			defaultConfigurationName = Release;
		};
		EBD6FD7D29E8E43E007715B2 /* Build configuration list for PBXNativeTarget "HomeStoryboard" */ = {
			isa = XCConfigurationList;
			buildConfigurations = (
				EBD6FD7E29E8E43E007715B2 /* Debug */,
				EBD6FD7F29E8E43E007715B2 /* Release */,
			);
			defaultConfigurationIsVisible = 0;
			defaultConfigurationName = Release;
		};
/* End XCConfigurationList section */

/* Begin XCRemoteSwiftPackageReference section */
		EBD6FD8029E8E45D007715B2 /* XCRemoteSwiftPackageReference "Theme" */ = {
			isa = XCRemoteSwiftPackageReference;
			repositoryURL = "https://github.com/DanielaBeltranSaavedra1/Theme.git";
			requirement = {
				branch = main;
				kind = branch;
			};
		};
		EBD6FD8329E8E479007715B2 /* XCRemoteSwiftPackageReference "Commons" */ = {
			isa = XCRemoteSwiftPackageReference;
			repositoryURL = "https://github.com/DanielaBeltranSaavedra1/Commons.git";
			requirement = {
				branch = main;
				kind = branch;
			};
		};
/* End XCRemoteSwiftPackageReference section */

/* Begin XCSwiftPackageProductDependency section */
		EBD6FD8129E8E45D007715B2 /* Theme */ = {
			isa = XCSwiftPackageProductDependency;
			package = EBD6FD8029E8E45D007715B2 /* XCRemoteSwiftPackageReference "Theme" */;
			productName = Theme;
		};
		EBD6FD8429E8E479007715B2 /* Commons */ = {
			isa = XCSwiftPackageProductDependency;
			package = EBD6FD8329E8E479007715B2 /* XCRemoteSwiftPackageReference "Commons" */;
			productName = Commons;
		};
/* End XCSwiftPackageProductDependency section */
	};
	rootObject = EBD6FD6129E8E43C007715B2 /* Project object */;
}
