{
  "pins" : [
    {
      "identity" : "commons",
      "kind" : "remoteSourceControl",
      "location" : "https://github.com/DanielaBeltranSaavedra1/Commons.git",
      "state" : {
        "branch" : "main",
        "revision" : "8ce4b16a211b215f21642dd413d6ab7e1165fb16"
      }
    },
    {
      "identity" : "theme",
      "kind" : "remoteSourceControl",
      "location" : "https://github.com/DanielaBeltranSaavedra1/Theme.git",
      "state" : {
        "branch" : "main",
        "revision" : "ba36a3d1b3450f24d9841e8bd9776180a964eea4"
      }
    }
  ],
  "version" : 2
}
